cloud.google.com/go v0.26.0/go.mod h1:aQUYkXzVsufM+DwF1aE+0xfcU+56JwCaLick0ClmMTw=
github.com/AndreasBriese/bbloom v0.0.0-20180913140656-343706a395b7/go.mod h1:bOvUY6CB00SOBii9/FifXqc0awNKxLFCL/+pkDPuyl8=
github.com/BurntSushi/toml v0.3.1/go.mod h1:xHWCNGjB5oqiDr8zfno3MHue2Ht5sIBksp03qcyfWMU=
github.com/Kubuxu/go-os-helper v0.0.1/go.mod h1:N8B+I7vPCT80IcP58r50u4+gEEcsZETFUpAzWW2ep1Y=
github.com/aead/siphash v1.0.1/go.mod h1:Nywa3cDsYNNK3gaciGTWPwHt0wlpNV15vwmswBAUSII=
github.com/btcsuite/btcd v0.0.0-20190213025234-306aecffea32/go.mod h1:DrZx5ec/dmnfpw9KyYoQyYo7d0KEvTkk/5M/vbZjAr8=
github.com/btcsuite/btcd v0.0.0-20190523000118-16327141da8c h1:aEbSeNALREWXk0G7UdNhR3ayBV7tZ4M2PNmnrCAph6Q=
github.com/btcsuite/btcd v0.0.0-20190523000118-16327141da8c/go.mod h1:3J08xEfcugPacsc34/LKRU2yO7YmuT8yt28J8k2+rrI=
github.com/btcsuite/btcd v0.20.1-beta h1:Ik4hyJqN8Jfyv3S4AGBOmyouMsYE3EdYODkMbQjwPGw=
github.com/btcsuite/btcd v0.20.1-beta/go.mod h1:wVuoA8VJLEcwgqHBwHmzLRazpKxTv13Px/pDuV7OomQ=
github.com/btcsuite/btclog v0.0.0-20170628155309-84c8d2346e9f/go.mod h1:TdznJufoqS23FtqVCzL0ZqgP5MqXbb4fg/WgDys70nA=
github.com/btcsuite/btcutil v0.0.0-20190207003914-4c204d697803/go.mod h1:+5NJ2+qvTyV9exUAL/rxXi3DcLg2Ts+ymUAY5y4NvMg=
github.com/btcsuite/btcutil v0.0.0-20190425235716-9e5f4b9a998d/go.mod h1:+5NJ2+qvTyV9exUAL/rxXi3DcLg2Ts+ymUAY5y4NvMg=
github.com/btcsuite/go-socks v0.0.0-20170105172521-4720035b7bfd/go.mod h1:HHNXQzUsZCxOoE+CPiyCTO6x34Zs86zZUiwtpXoGdtg=
github.com/btcsuite/goleveldb v0.0.0-20160330041536-7834afc9e8cd/go.mod h1:F+uVaaLLH7j4eDXPRvw78tMflu7Ie2bzYOH4Y8rRKBY=
github.com/btcsuite/snappy-go v0.0.0-20151229074030-0bdef8d06723/go.mod h1:8woku9dyThutzjeg+3xrA5iCpBRH8XEEg3lh6TiUghc=
github.com/btcsuite/websocket v0.0.0-20150119174127-31079b680792/go.mod h1:ghJtEyQwv5/p4Mg4C0fgbePVuGr935/5ddU9Z3TmDRY=
github.com/btcsuite/winsvc v1.0.0/go.mod h1:jsenWakMcC0zFBFurPLEAyrnc/teJEM1O46fmI40EZs=
github.com/client9/misspell v0.3.4/go.mod h1:qj6jICC3Q7zFZvVWo7KLAzC3yx5G7kyvSDkc90ppPyw=
github.com/coreos/go-semver v0.3.0 h1:wkHLiw0WNATZnSG7epLsujiMCgPAc9xhjJ4tgnAxmfM=
github.com/coreos/go-semver v0.3.0/go.mod h1:nnelYz7RCh+5ahJtPPxZlU+153eP4D4r3EedlOD2RNk=
github.com/cskr/pubsub v1.0.2 h1:vlOzMhl6PFn60gRlTQQsIfVwaPB/B/8MziK8FhEPt/0=
github.com/cskr/pubsub v1.0.2/go.mod h1:/8MzYXk/NJAz782G8RPkFzXTZVu63VotefPnR9TIRis=
github.com/davecgh/go-spew v0.0.0-20171005155431-ecdeabc65495/go.mod h1:J7Y8YcW2NihsgmVo/mv3lAwl/skON4iLHjSsI+c5H38=
github.com/davecgh/go-spew v1.1.0/go.mod h1:J7Y8YcW2NihsgmVo/mv3lAwl/skON4iLHjSsI+c5H38=
github.com/davecgh/go-spew v1.1.1 h1:vj9j/u1bqnvCEfJOwUhtlOARqs3+rkHYY13jYWTU97c=
github.com/davecgh/go-spew v1.1.1/go.mod h1:J7Y8YcW2NihsgmVo/mv3lAwl/skON4iLHjSsI+c5H38=
github.com/dgraph-io/badger v1.5.5-0.20190226225317-8115aed38f8f/go.mod h1:VZxzAIRPHRVNRKRo6AXrX9BJegn6il06VMTZVJYCIjQ=
github.com/dgryski/go-farm v0.0.0-20190104051053-3adb47b1fb0f/go.mod h1:SqUrOPUnsFjfmXRMNPybcSiG0BgUW2AuFH8PAnS2iTw=
github.com/dholms/ucan v0.0.0-20211211010509-cfa887687214 h1:G0+5qCGm8brzMKpXAfg0JtZW6W2lptH1/3aur6S+/os=
github.com/dholms/ucan v0.0.0-20211211010509-cfa887687214/go.mod h1:yP36zIBiFW2AeDp9GP019ITFIWqUfjCcdUU2s/M5vOU=
github.com/dustin/go-humanize v1.0.0/go.mod h1:HtrtbFcZ19U5GC7JDqmcUSB87Iq5E25KnS6fMYU6eOk=
github.com/frankban/quicktest v1.11.3 h1:8sXhOn0uLys67V8EsXLc6eszDs8VXWxL3iRvebPhedY=
github.com/frankban/quicktest v1.11.3/go.mod h1:wRf/ReqHper53s+kmmSZizM8NamnL3IM0I9ntUbOk+k=
github.com/fsnotify/fsnotify v1.4.7/go.mod h1:jwhsz4b93w/PPRr/qN1Yymfu8t87LnFCMoQvtojpjFo=
github.com/go-check/check v0.0.0-20180628173108-788fd7840127 h1:0gkP6mzaMqkmpcJYCFOLkIBwI7xFExG03bbkOkCvUPI=
github.com/go-check/check v0.0.0-20180628173108-788fd7840127/go.mod h1:9ES+weclKsC9YodN5RgxqK/VD9HM9JsCSh7rNhMZE98=
github.com/gogo/protobuf v1.2.1/go.mod h1:hp+jE20tsWTFYpLwKvXlhS1hjn+gTNwPg2I6zVXpSg4=
github.com/gogo/protobuf v1.3.1 h1:DqDEcV5aeaTmdFBePNpYsp3FlcVH/2ISVVM9Qf8PSls=
github.com/gogo/protobuf v1.3.1/go.mod h1:SlYgWuQ5SjCEi6WLHjHCa1yvBfUnHcTbrrZtXPKa29o=
github.com/golang-jwt/jwt v3.2.2+incompatible h1:IfV12K8xAKAnZqdXVzCZ+TOjboZ2keLg81eXfW3O+oY=
github.com/golang-jwt/jwt v3.2.2+incompatible/go.mod h1:8pz2t5EyA70fFQQSrl6XZXzqecmYZeUEB8OUGHkxJ+I=
github.com/golang/glog v0.0.0-20160126235308-23def4e6c14b/go.mod h1:SBH7ygxi8pfUlaOkMMuAQtPIUF8ecWP5IEl/CR7VP2Q=
github.com/golang/groupcache v0.0.0-20190702054246-869f871628b6/go.mod h1:cIg4eruTrX1D+g88fzRXU5OdNfaM+9IcxsU14FzY7Hc=
github.com/golang/mock v1.1.1/go.mod h1:oTYuIxOrZwtPieC+H1uAHpcLFnEyAGVDL/k47Jfbm0A=
github.com/golang/protobuf v1.2.0/go.mod h1:6lQm79b+lXiMfvg/cZm0SGofjICqVBUtrP5yJMmIC1U=
github.com/golang/protobuf v1.3.0/go.mod h1:Qd/q+1AKNOZr9uGQzbzCmRO6sUih6GTPZv6a1/R87v0=
github.com/golang/protobuf v1.3.1/go.mod h1:6lQm79b+lXiMfvg/cZm0SGofjICqVBUtrP5yJMmIC1U=
github.com/golang/snappy v0.0.0-20180518054509-2e65f85255db/go.mod h1:/XxbfmMg8lxefKM7IXC3fBNl/7bRcc72aCRzEWrmP2Q=
github.com/google/go-cmp v0.3.0/go.mod h1:8QqcDgzrUqlUb/G2PQTWiueGozuR1884gddMywk6iLU=
github.com/google/go-cmp v0.4.0/go.mod h1:v8dTdLbMG2kIc/vJvl+f65V22dbkXbowE6jgT/gNBxE=
github.com/google/go-cmp v0.5.4 h1:L8R9j+yAqZuZjsqh/z+F1NCffTKKLShY6zXTItVIZ8M=
github.com/google/go-cmp v0.5.4/go.mod h1:v8dTdLbMG2kIc/vJvl+f65V22dbkXbowE6jgT/gNBxE=
github.com/google/uuid v1.1.1 h1:Gkbcsh/GbpXz7lPftLA3P6TYMwjCLYm83jiFQZF/3gY=
github.com/google/uuid v1.1.1/go.mod h1:TIyPZe4MgqvfeYDBFedMoGGpEw/LqOeaOT+nhxU+yHo=
github.com/gopherjs/gopherjs v0.0.0-20181017120253-0766667cb4d1 h1:EGx4pi6eqNxGaHF6qqu48+N2wcFQ5qg5FXgOdqsJ5d8=
github.com/gopherjs/gopherjs v0.0.0-20181017120253-0766667cb4d1/go.mod h1:wJfORRmW1u3UXTncJ5qlYoELFm8eSnnEO6hX4iZ3EWY=
github.com/gorilla/websocket v1.4.0/go.mod h1:E7qHFY5m1UJ88s3WnNqhKjPHQ0heANvMoAMk2YaljkQ=
github.com/gxed/hashland/keccakpg v0.0.1/go.mod h1:kRzw3HkwxFU1mpmPP8v1WyQzwdGfmKFJ6tItnhQ67kU=
github.com/gxed/hashland/murmur3 v0.0.1/go.mod h1:KjXop02n4/ckmZSnY2+HKcLud/tcmvhST0bie/0lS48=
github.com/hashicorp/golang-lru v0.5.1 h1:0hERBMJE1eitiLkihrMvRVBYAkpHzc/J3QdDN+dAcgU=
github.com/hashicorp/golang-lru v0.5.1/go.mod h1:/m3WP610KZHVQ1SGc6re/UDhFvYD7pJ4Ao+sR/qLZy8=
github.com/hpcloud/tail v1.0.0/go.mod h1:ab1qPbhIpdTxEkNHXyeSf5vhxWSCs/tWer42PpOxQnU=
github.com/huin/goupnp v1.0.0 h1:wg75sLpL6DZqwHQN6E1Cfk6mtfzS45z8OV+ic+DtHRo=
github.com/huin/goupnp v1.0.0/go.mod h1:n9v9KO1tAxYH82qOn+UTIFQDmx5n1Zxd/ClZDMX7Bnc=
github.com/huin/goutil v0.0.0-20170803182201-1ca381bf3150/go.mod h1:PpLOETDnJ0o3iZrZfqZzyLl6l7F3c6L1oWn7OICBi6o=
github.com/ipfs/bbloom v0.0.1/go.mod h1:oqo8CVWsJFMOZqTglBG4wydCE4IQA/G2/SEofB0rjUI=
github.com/ipfs/bbloom v0.0.4 h1:Gi+8EGJ2y5qiD5FbsbpX/TMNcJw8gSqr7eyjHa4Fhvs=
github.com/ipfs/bbloom v0.0.4/go.mod h1:cS9YprKXpoZ9lT0n/Mw/a6/aFV6DTjTLYHeA+gyqMG0=
github.com/ipfs/go-bitswap v0.1.0 h1:28YsHYw9ut6wootnImPXH0WpnU5Dbo3qm6cvQ6e6wYY=
github.com/ipfs/go-bitswap v0.1.0/go.mod h1:FFJEf18E9izuCqUtHxbWEvq+reg7o4CW5wSAE1wsxj0=
github.com/ipfs/go-block-format v0.0.1/go.mod h1:DK/YYcsSUIVAFNwo/KZCdIIbpN0ROH/baNLgayt4pFc=
github.com/ipfs/go-block-format v0.0.2/go.mod h1:AWR46JfpcObNfg3ok2JHDUfdiHRgWhJgCQF+KIgOPJY=
github.com/ipfs/go-block-format v0.0.3 h1:r8t66QstRp/pd/or4dpnbVfXT5Gt7lOqRvC+/dDTpMc=
github.com/ipfs/go-block-format v0.0.3/go.mod h1:4LmD4ZUw0mhO+JSKdpWwrzATiEfM7WWgQ8H5l6P8MVk=
github.com/ipfs/go-blockservice v0.1.0 h1:dh2i7xjMbCtf0ZSMyQAF2qpV/pEEmM7yVpQ00+gik6U=
github.com/ipfs/go-blockservice v0.1.0/go.mod h1:hzmMScl1kXHg3M2BjTymbVPjv627N7sYcvYaKbop39M=
github.com/ipfs/go-cid v0.0.1/go.mod h1:GHWU/WuQdMPmIosc4Yn1bcCT7dSeX4lBafM7iqUPQvM=
github.com/ipfs/go-cid v0.0.2/go.mod h1:GHWU/WuQdMPmIosc4Yn1bcCT7dSeX4lBafM7iqUPQvM=
github.com/ipfs/go-cid v0.0.3/go.mod h1:GHWU/WuQdMPmIosc4Yn1bcCT7dSeX4lBafM7iqUPQvM=
github.com/ipfs/go-cid v0.0.4/go.mod h1:4LLaPOQwmk5z9LBgQnpkivrx8BJjUyGwTXCd5Xfj6+M=
github.com/ipfs/go-cid v0.0.6/go.mod h1:6Ux9z5e+HpkQdckYoX1PG/6xqKspzlEIR5SDmgqgC/I=
github.com/ipfs/go-cid v0.0.7 h1:ysQJVJA3fNDF1qigJbsSQOdjhVLsOEoPdh0+R97k3jY=
github.com/ipfs/go-cid v0.0.7/go.mod h1:6Ux9z5e+HpkQdckYoX1PG/6xqKspzlEIR5SDmgqgC/I=
github.com/ipfs/go-datastore v0.0.1/go.mod h1:d4KVXhMt913cLBEI/PXAy6ko+W7e9AhyAKBGh803qeE=
github.com/ipfs/go-datastore v0.0.5/go.mod h1:d4KVXhMt913cLBEI/PXAy6ko+W7e9AhyAKBGh803qeE=
github.com/ipfs/go-datastore v0.1.0/go.mod h1:d4KVXhMt913cLBEI/PXAy6ko+W7e9AhyAKBGh803qeE=
github.com/ipfs/go-datastore v0.3.1 h1:SS1t869a6cctoSYmZXUk8eL6AzVXgASmKIWFNQkQ1jU=
github.com/ipfs/go-datastore v0.3.1/go.mod h1:w38XXW9kVFNp57Zj5knbKWM2T+KOZCGDRVNdgPHtbHw=
github.com/ipfs/go-detect-race v0.0.1/go.mod h1:8BNT7shDZPo99Q74BpGMK+4D8Mn4j46UU0LZ723meps=
github.com/ipfs/go-ds-badger v0.0.2/go.mod h1:Y3QpeSFWQf6MopLTiZD+VT6IC1yZqaGmjvRcKeSGij8=
github.com/ipfs/go-ds-leveldb v0.0.1/go.mod h1:feO8V3kubwsEF22n0YRQCffeb79OOYIykR4L04tMOYc=
github.com/ipfs/go-ipfs-blockstore v0.0.1/go.mod h1:d3WClOmRQKFnJ0Jz/jj/zmksX0ma1gROTlovZKBmN08=
github.com/ipfs/go-ipfs-blockstore v0.1.0 h1:V1GZorHFUIB6YgTJQdq7mcaIpUfCM3fCyVi+MTo9O88=
github.com/ipfs/go-ipfs-blockstore v0.1.0/go.mod h1:5aD0AvHPi7mZc6Ci1WCAhiBQu2IsfTduLl+422H6Rqw=
github.com/ipfs/go-ipfs-blocksutil v0.0.1 h1:Eh/H4pc1hsvhzsQoMEP3Bke/aW5P5rVM1IWFJMcGIPQ=
github.com/ipfs/go-ipfs-blocksutil v0.0.1/go.mod h1:Yq4M86uIOmxmGPUHv/uI7uKqZNtLb449gwKqXjIsnRk=
github.com/ipfs/go-ipfs-delay v0.0.0-20181109222059-70721b86a9a8/go.mod h1:8SP1YXK1M1kXuc4KJZINY3TQQ03J2rwBG9QfXmbRPrw=
github.com/ipfs/go-ipfs-delay v0.0.1 h1:r/UXYyRcddO6thwOnhiznIAiSvxMECGgtv35Xs1IeRQ=
github.com/ipfs/go-ipfs-delay v0.0.1/go.mod h1:8SP1YXK1M1kXuc4KJZINY3TQQ03J2rwBG9QfXmbRPrw=
github.com/ipfs/go-ipfs-ds-help v0.0.1 h1:QBg+Ts2zgeemK/dB0saiF/ykzRGgfoFMT90Rzo0OnVU=
github.com/ipfs/go-ipfs-ds-help v0.0.1/go.mod h1:gtP9xRaZXqIQRh1HRpp595KbBEdgqWFxefeVKOV8sxo=
github.com/ipfs/go-ipfs-exchange-interface v0.0.1 h1:LJXIo9W7CAmugqI+uofioIpRb6rY30GUu7G6LUfpMvM=
github.com/ipfs/go-ipfs-exchange-interface v0.0.1/go.mod h1:c8MwfHjtQjPoDyiy9cFquVtVHkO9b9Ob3FG91qJnWCM=
github.com/ipfs/go-ipfs-exchange-offline v0.0.1 h1:P56jYKZF7lDDOLx5SotVh5KFxoY6C81I1NSHW1FxGew=
github.com/ipfs/go-ipfs-exchange-offline v0.0.1/go.mod h1:WhHSFCVYX36H/anEKQboAzpUws3x7UeEGkzQc3iNkM0=
github.com/ipfs/go-ipfs-pq v0.0.1 h1:zgUotX8dcAB/w/HidJh1zzc1yFq6Vm8J7T2F4itj/RU=
github.com/ipfs/go-ipfs-pq v0.0.1/go.mod h1:LWIqQpqfRG3fNc5XsnIhz/wQ2XXGyugQwls7BgUmUfY=
github.com/ipfs/go-ipfs-routing v0.1.0 h1:gAJTT1cEeeLj6/DlLX6t+NxD9fQe2ymTO6qWRDI/HQQ=
github.com/ipfs/go-ipfs-routing v0.1.0/go.mod h1:hYoUkJLyAUKhF58tysKpids8RNDPO42BVMgK5dNsoqY=
github.com/ipfs/go-ipfs-util v0.0.1/go.mod h1:spsl5z8KUnrve+73pOhSVZND1SIxPW5RyBCNzQxlJBc=
github.com/ipfs/go-ipfs-util v0.0.2 h1:59Sswnk1MFaiq+VcaknX7aYEyGyGDAA73ilhEK2POp8=
github.com/ipfs/go-ipfs-util v0.0.2/go.mod h1:CbPtkWJzjLdEcezDns2XYaehFVNXG9zrdrtMecczcsQ=
github.com/ipfs/go-ipld-cbor v0.0.3/go.mod h1:wTBtrQZA3SoFKMVkp6cn6HMRteIB1VsmHA0AQFOn7Nc=
github.com/ipfs/go-ipld-cbor v0.0.5 h1:ovz4CHKogtG2KB/h1zUp5U0c/IzZrL435rCh5+K/5G8=
github.com/ipfs/go-ipld-cbor v0.0.5/go.mod h1:BkCduEx3XBCO6t2Sfo5BaHzuok7hbhdMm9Oh8B2Ftq4=
github.com/ipfs/go-ipld-format v0.0.1/go.mod h1:kyJtbkDALmFHv3QR6et67i35QzO3S0dCDnkOJhcZkms=
github.com/ipfs/go-ipld-format v0.0.2/go.mod h1:4B6+FM2u9OJ9zCV+kSbgFAZlOrv1Hqbf0INGQgiKf9k=
github.com/ipfs/go-ipld-format v0.2.0 h1:xGlJKkArkmBvowr+GMCX0FEZtkro71K1AwiKnL37mwA=
github.com/ipfs/go-ipld-format v0.2.0/go.mod h1:3l3C1uKoadTPbeNfrDi+xMInYKlx2Cvg1BuydPSdzQs=
github.com/ipfs/go-log v0.0.1 h1:9XTUN/rW64BCG1YhPK9Hoy3q8nr4gOmHHBpgFdfw6Lc=
github.com/ipfs/go-log v0.0.1/go.mod h1:kL1d2/hzSpI0thNYjiKfjanbVNU+IIGA/WnNESY9leM=
github.com/ipfs/go-merkledag v0.3.2 h1:MRqj40QkrWkvPswXs4EfSslhZ4RVPRbxwX11js0t1xY=
github.com/ipfs/go-merkledag v0.3.2/go.mod h1:fvkZNNZixVW6cKSZ/JfLlON5OlgTXNdRLz0p6QG/I2M=
github.com/ipfs/go-metrics-interface v0.0.1 h1:j+cpbjYvu4R8zbleSs36gvB7jR+wsL2fGD6n0jO4kdg=
github.com/ipfs/go-metrics-interface v0.0.1/go.mod h1:6s6euYU4zowdslK0GKHmqaIZ3j/b/tL7HTWtJ4VPgWY=
github.com/ipfs/go-peertaskqueue v0.1.0 h1:bpRbgv76eT4avutNPDFZuCPOQus6qTgurEYxfulgZW4=
github.com/ipfs/go-peertaskqueue v0.1.0/go.mod h1:Jmk3IyCcfl1W3jTW3YpghSwSEC6IJ3Vzz/jUmWw8Z0U=
github.com/ipfs/go-verifcid v0.0.1 h1:m2HI7zIuR5TFyQ1b79Da5N9dnnCP1vcu2QqawmWlK2E=
github.com/ipfs/go-verifcid v0.0.1/go.mod h1:5Hrva5KBeIog4A+UpqlaIU+DEstipcJYQQZc0g37pY0=
github.com/ipld/go-car v0.3.2 h1:V9wt/80FNfbMRWSD98W5br6fyjUAyVgI2lDOTZX16Lg=
github.com/ipld/go-car v0.3.2/go.mod h1:WEjynkVt04dr0GwJhry0KlaTeSDEiEYyMPOxDBQ17KE=
github.com/ipld/go-codec-dagpb v1.2.0 h1:2umV7ud8HBMkRuJgd8gXw95cLhwmcYrihS3cQEy9zpI=
github.com/ipld/go-codec-dagpb v1.2.0/go.mod h1:6nBN7X7h8EOsEejZGqC7tej5drsdBAXbMHyBT+Fne5s=
github.com/ipld/go-ipld-prime v0.9.0/go.mod h1:KvBLMr4PX1gWptgkzRjVZCrLmSGcZCb/jioOQwCqZN8=
github.com/ipld/go-ipld-prime v0.12.3 h1:furVobw7UBLQZwlEwfE26tYORy3PAK8VYSgZOSr3JMQ=
github.com/ipld/go-ipld-prime v0.12.3/go.mod h1:PaeLYq8k6dJLmDUSLrzkEpoGV4PEfe/1OtFN/eALOc8=
github.com/jackpal/gateway v1.0.5 h1:qzXWUJfuMdlLMtt0a3Dgt+xkWQiA5itDEITVJtuSwMc=
github.com/jackpal/gateway v1.0.5/go.mod h1:lTpwd4ACLXmpyiCTRtfiNyVnUmqT9RivzCDQetPfnjA=
github.com/jackpal/go-nat-pmp v1.0.1 h1:i0LektDkO1QlrTm/cSuP+PyBCDnYvjPLGl4LdWEMiaA=
github.com/jackpal/go-nat-pmp v1.0.1/go.mod h1:QPH045xvCAeXUZOxsnwmrtiCoxIr9eob+4orBN1SBKc=
github.com/jbenet/go-cienv v0.0.0-20150120210510-1bb1476777ec/go.mod h1:rGaEvXB4uRSZMmzKNLoXvTu1sfx+1kv/DojUlPrSZGs=
github.com/jbenet/go-cienv v0.1.0/go.mod h1:TqNnHUmJgXau0nCzC7kXWeotg3J9W34CUv5Djy1+FlA=
github.com/jbenet/go-temp-err-catcher v0.0.0-20150120210811-aac704a3f4f2/go.mod h1:8GXXJV31xl8whumTzdZsTt3RnUIiPqzkyf7mxToRCMs=
github.com/jbenet/goprocess v0.0.0-20160826012719-b497e2f366b8/go.mod h1:Ly/wlsjFq/qrU3Rar62tu1gASgGw6chQbSh/XgIIXCY=
github.com/jbenet/goprocess v0.1.3 h1:YKyIEECS/XvcfHtBzxtjBBbWK+MbvA6dG8ASiqwvr10=
github.com/jbenet/goprocess v0.1.3/go.mod h1:5yspPrukOVuOLORacaBi858NqyClJPQxYZlqdZVfqY4=
github.com/jbenet/goprocess v0.1.4 h1:DRGOFReOMqqDNXwW70QkacFW0YN9QnwLV0Vqk+3oU0o=
github.com/jbenet/goprocess v0.1.4/go.mod h1:5yspPrukOVuOLORacaBi858NqyClJPQxYZlqdZVfqY4=
github.com/jessevdk/go-flags v0.0.0-20141203071132-1679536dcc89/go.mod h1:4FA24M0QyGHXBuZZK/XkWh8h0e1EYbRYJSGM75WSRxI=
github.com/jrick/logrotate v1.0.0/go.mod h1:LNinyqDIJnpAur+b8yyulnQw/wDuN1+BYKlTRt3OuAQ=
github.com/jtolds/gls v4.2.1+incompatible/go.mod h1:QJZ7F/aHp+rZTRtaJ1ow/lLfFfVYBRgL+9YlvaHOwJU=
github.com/jtolds/gls v4.20.0+incompatible h1:xdiiI2gbIgH/gLH7ADydsJ1uDOEzR8yvV7C0MuV77Wo=
github.com/jtolds/gls v4.20.0+incompatible/go.mod h1:QJZ7F/aHp+rZTRtaJ1ow/lLfFfVYBRgL+9YlvaHOwJU=
github.com/kisielk/errcheck v1.1.0/go.mod h1:EZBBE59ingxPouuu3KfxchcWSUPOHkagtvWXihfKN4Q=
github.com/kisielk/errcheck v1.2.0/go.mod h1:/BMXB+zMLi60iA8Vv6Ksmxu/1UDYcXs4uQLJ+jE2L00=
github.com/kisielk/gotool v1.0.0/go.mod h1:XhKaO+MFFWcvkIS/tQcRk01m1F5IRFswLeQ+oQHNcck=
github.com/kkdai/bstream v0.0.0-20161212061736-f391b8402d23/go.mod h1:J+Gs4SYgM6CZQHDETBtE9HaSEkGmuNXF86RwHhHUvq4=
github.com/klauspost/cpuid/v2 v2.0.4 h1:g0I61F2K2DjRHz1cnxlkNSBIaePVoJIjjnHui8QHbiw=
github.com/klauspost/cpuid/v2 v2.0.4/go.mod h1:FInQzS24/EEf25PyTYn52gqo7WaD8xa0213Md/qVLRg=
github.com/koron/go-ssdp v0.0.0-20180514024734-4a0ed625a78b h1:wxtKgYHEncAU00muMD06dzLiahtGM1eouRNOzVV7tdQ=
github.com/koron/go-ssdp v0.0.0-20180514024734-4a0ed625a78b/go.mod h1:5Ky9EC2xfoUKUor0Hjgi2BJhCSXJfMOFlmyYrVKGQMk=
github.com/kr/pretty v0.1.0/go.mod h1:dAy3ld7l9f0ibDNOQOHHMYYIIbhfbHSm3C4ZsoJORNo=
github.com/kr/pretty v0.2.1 h1:Fmg33tUaq4/8ym9TJN1x7sLJnHVwhP33CNkpYV/7rwI=
github.com/kr/pretty v0.2.1/go.mod h1:ipq/a2n7PKx3OHsz4KJII5eveXtPO4qwEXGdVfWzfnI=
github.com/kr/pty v1.1.1/go.mod h1:pFQYn66WHrOpPYNljwOMqo10TkYh1fy3cYio2l3bCsQ=
github.com/kr/text v0.1.0 h1:45sCR5RtlFHMR4UwH9sdQ5TC8v0qDQCHnXt+kaKSTVE=
github.com/kr/text v0.1.0/go.mod h1:4Jbv+DJW3UT/LiOwJeYQe1efqtUx/iVham/4vfdArNI=
github.com/labstack/echo/v4 v4.6.1 h1:OMVsrnNFzYlGSdaiYGHbgWQnr+JM7NG+B9suCPie14M=
github.com/labstack/echo/v4 v4.6.1/go.mod h1:RnjgMWNDB9g/HucVWhQYNQP9PvbYf6adqftqryo7s9k=
github.com/labstack/gommon v0.3.0 h1:JEeO0bvc78PKdyHxloTKiF8BD5iGrH8T6MSeGvSgob0=
github.com/labstack/gommon v0.3.0/go.mod h1:MULnywXg0yavhxWKc+lOruYdAhDwPK9wf0OL7NoOu+k=
github.com/libp2p/go-addr-util v0.0.1/go.mod h1:4ac6O7n9rIAKB1dnd+s8IbbMXkt+oBpzX4/+RACcnlQ=
github.com/libp2p/go-buffer-pool v0.0.1/go.mod h1:xtyIz9PMobb13WaxR6Zo1Pd1zXJKYg0a8KiIvDp3TzQ=
github.com/libp2p/go-buffer-pool v0.0.2/go.mod h1:MvaB6xw5vOrDl8rYZGLFdKAuk/hRoRZd1Vi32+RXyFM=
github.com/libp2p/go-conn-security-multistream v0.1.0/go.mod h1:aw6eD7LOsHEX7+2hJkDxw1MteijaVcI+/eP2/x3J1xc=
github.com/libp2p/go-flow-metrics v0.0.1/go.mod h1:Iv1GH0sG8DtYN3SVJ2eG221wMiNpZxBdp967ls1g+k8=
github.com/libp2p/go-flow-metrics v0.0.3/go.mod h1:HeoSNUrOJVK1jEpDqVEiUOIXqhbnS27omG0uWU5slZs=
github.com/libp2p/go-libp2p v0.1.0 h1:8VXadcPNni74ODoZ+7326LMAppFYmz1fRQOUuT5iZvQ=
github.com/libp2p/go-libp2p v0.1.0/go.mod h1:6D/2OBauqLUoqcADOJpn9WbKqvaM07tDw68qHM0BxUM=
github.com/libp2p/go-libp2p-autonat v0.1.0/go.mod h1:1tLf2yXxiE/oKGtDwPYWTSYG3PtvYlJmg7NeVtPRqH8=
github.com/libp2p/go-libp2p-blankhost v0.1.1/go.mod h1:pf2fvdLJPsC1FsVrNP3DUUvMzUts2dsLLBEpo1vW1ro=
github.com/libp2p/go-libp2p-circuit v0.1.0/go.mod h1:Ahq4cY3V9VJcHcn1SBXjr78AbFkZeIRmfunbA7pmFh8=
github.com/libp2p/go-libp2p-core v0.0.1/go.mod h1:g/VxnTZ/1ygHxH3dKok7Vno1VfpvGcGip57wjTU4fco=
github.com/libp2p/go-libp2p-core v0.0.2 h1:86uOwW+O6Uc7NbaK4diuLZo2/Ikvqw2rgyV03VcSbLE=
github.com/libp2p/go-libp2p-core v0.0.2/go.mod h1:9dAcntw/n46XycV4RnlBq3BpgrmyUi9LuoTNdPrbUco=
github.com/libp2p/go-libp2p-core v0.7.0 h1:4a0TMjrWNTZlNvcqxZmrMRDi/NQWrhwO2pkTuLSQ/IQ=
github.com/libp2p/go-libp2p-core v0.7.0/go.mod h1:FfewUH/YpvWbEB+ZY9AQRQ4TAD8sJBt/G1rVvhz5XT8=
github.com/libp2p/go-libp2p-crypto v0.1.0 h1:k9MFy+o2zGDNGsaoZl0MA3iZ75qXxr9OOoAZF+sD5OQ=
github.com/libp2p/go-libp2p-crypto v0.1.0/go.mod h1:sPUokVISZiy+nNuTTH/TY+leRSxnFj/2GLjtOTW90hI=
github.com/libp2p/go-libp2p-discovery v0.1.0/go.mod h1:4F/x+aldVHjHDHuX85x1zWoFTGElt8HnoDzwkFZm29g=
github.com/libp2p/go-libp2p-loggables v0.1.0 h1:h3w8QFfCt2UJl/0/NW4K829HX/0S4KD31PQ7m8UXXO8=
github.com/libp2p/go-libp2p-loggables v0.1.0/go.mod h1:EyumB2Y6PrYjr55Q3/tiJ/o3xoDasoRYM7nOzEpoa90=
github.com/libp2p/go-libp2p-mplex v0.2.0/go.mod h1:Ejl9IyjvXJ0T9iqUTE1jpYATQ9NM3g+OtR+EMMODbKo=
github.com/libp2p/go-libp2p-mplex v0.2.1/go.mod h1:SC99Rxs8Vuzrf/6WhmH41kNn13TiYdAWNYHrwImKLnE=
github.com/libp2p/go-libp2p-nat v0.0.4 h1:+KXK324yaY701On8a0aGjTnw8467kW3ExKcqW2wwmyw=
github.com/libp2p/go-libp2p-nat v0.0.4/go.mod h1:N9Js/zVtAXqaeT99cXgTV9e75KpnWCvVOiGzlcHmBbY=
github.com/libp2p/go-libp2p-netutil v0.1.0 h1:zscYDNVEcGxyUpMd0JReUZTrpMfia8PmLKcKF72EAMQ=
github.com/libp2p/go-libp2p-netutil v0.1.0/go.mod h1:3Qv/aDqtMLTUyQeundkKsA+YCThNdbQD54k3TqjpbFU=
github.com/libp2p/go-libp2p-peer v0.2.0 h1:EQ8kMjaCUwt/Y5uLgjT8iY2qg0mGUT0N1zUjer50DsY=
github.com/libp2p/go-libp2p-peer v0.2.0/go.mod h1:RCffaCvUyW2CJmG2gAWVqwePwW7JMgxjsHm7+J5kjWY=
github.com/libp2p/go-libp2p-peerstore v0.1.0 h1:MKh7pRNPHSh1fLPj8u/M/s/napdmeNpoi9BRy9lPN0E=
github.com/libp2p/go-libp2p-peerstore v0.1.0/go.mod h1:2CeHkQsr8svp4fZ+Oi9ykN1HBb6u0MOvdJ7YIsmcwtY=
github.com/libp2p/go-libp2p-record v0.1.0 h1:wHwBGbFzymoIl69BpgwIu0O6ta3TXGcMPvHUAcodzRc=
github.com/libp2p/go-libp2p-record v0.1.0/go.mod h1:ujNc8iuE5dlKWVy6wuL6dd58t0n7xI4hAIl8pE6wu5Q=
github.com/libp2p/go-libp2p-secio v0.1.0/go.mod h1:tMJo2w7h3+wN4pgU2LSYeiKPrfqBgkOsdiKK77hE7c8=
github.com/libp2p/go-libp2p-swarm v0.1.0/go.mod h1:wQVsCdjsuZoc730CgOvh5ox6K8evllckjebkdiY5ta4=
github.com/libp2p/go-libp2p-testing v0.0.2/go.mod h1:gvchhf3FQOtBdr+eFUABet5a4MBLK8jM3V4Zghvmi+E=
github.com/libp2p/go-libp2p-testing v0.0.3 h1:bdij4bKaaND7tCsaXVjRfYkMpvoOeKj9AVQGJllA6jM=
github.com/libp2p/go-libp2p-testing v0.0.3/go.mod h1:gvchhf3FQOtBdr+eFUABet5a4MBLK8jM3V4Zghvmi+E=
github.com/libp2p/go-libp2p-transport-upgrader v0.1.1/go.mod h1:IEtA6or8JUbsV07qPW4r01GnTenLW4oi3lOPbUMGJJA=
github.com/libp2p/go-libp2p-yamux v0.2.0/go.mod h1:Db2gU+XfLpm6E4rG5uGCFX6uXA8MEXOxFcRoXUODaK8=
github.com/libp2p/go-maddr-filter v0.0.4/go.mod h1:6eT12kSQMA9x2pvFQa+xesMKUBlj9VImZbj3B9FBH/Q=
github.com/libp2p/go-mplex v0.0.3/go.mod h1:pK5yMLmOoBR1pNCqDlA2GQrdAVTMkqFalaTWe7l4Yd0=
github.com/libp2p/go-mplex v0.1.0/go.mod h1:SXgmdki2kwCUlCCbfGLEgHjC4pFqhTp0ZoV6aiKgxDU=
github.com/libp2p/go-msgio v0.0.2/go.mod h1:63lBBgOTDKQL6EWazRMCwXsEeEeK9O2Cd+0+6OOuipQ=
github.com/libp2p/go-msgio v0.0.6/go.mod h1:4ecVB6d9f4BDSL5fqvPiC4A3KivjWn+Venn/1ALLMWA=
github.com/libp2p/go-nat v0.0.3 h1:l6fKV+p0Xa354EqQOQP+d8CivdLM4kl5GxC1hSc/UeI=
github.com/libp2p/go-nat v0.0.3/go.mod h1:88nUEt0k0JD45Bk93NIwDqjlhiOwOoV36GchpcVc1yI=
github.com/libp2p/go-openssl v0.0.7/go.mod h1:unDrJpgy3oFr+rqXsarWifmJuNnJR4chtO1HmaZjggc=
github.com/libp2p/go-reuseport v0.0.1/go.mod h1:jn6RmB1ufnQwl0Q1f+YxAj8isJgDCQzaaxIFYDhcYEA=
github.com/libp2p/go-reuseport-transport v0.0.2/go.mod h1:YkbSDrvjUVDL6b8XqriyA20obEtsW9BLkuOUyQAOCbs=
github.com/libp2p/go-stream-muxer v0.0.1/go.mod h1:bAo8x7YkSpadMTbtTaxGVHWUQsR/l5MEaHbKaliuT14=
github.com/libp2p/go-stream-muxer-multistream v0.2.0/go.mod h1:j9eyPol/LLRqT+GPLSxvimPhNph4sfYfMoDPd7HkzIc=
github.com/libp2p/go-tcp-transport v0.1.0/go.mod h1:oJ8I5VXryj493DEJ7OsBieu8fcg2nHGctwtInJVpipc=
github.com/libp2p/go-testutil v0.1.0 h1:4QhjaWGO89udplblLVpgGDOQjzFlRavZOjuEnz2rLMc=
github.com/libp2p/go-testutil v0.1.0/go.mod h1:81b2n5HypcVyrCg/MJx4Wgfp/VHojytjVe/gLzZ2Ehc=
github.com/libp2p/go-ws-transport v0.1.0/go.mod h1:rjw1MG1LU9YDC6gzmwObkPd/Sqwhw7yT74kj3raBFuo=
github.com/libp2p/go-yamux v1.2.2/go.mod h1:FGTiPvoV/3DVdgWpX+tM0OW3tsM+W5bSE3gZwqQTcow=
github.com/mattn/go-colorable v0.1.1/go.mod h1:FuOcm+DKB9mbwrcAfNl7/TZVBZ6rcnceauSikq3lYCQ=
github.com/mattn/go-colorable v0.1.2/go.mod h1:U0ppj6V5qS13XJ6of8GYAs25YV2eR4EVcfRqFIhoBtE=
github.com/mattn/go-colorable v0.1.8 h1:c1ghPdyEDarC70ftn0y+A/Ee++9zz8ljHG1b13eJ0s8=
github.com/mattn/go-colorable v0.1.8/go.mod h1:u6P/XSegPjTcexA+o6vUJrdnUu04hMope9wVRipJSqc=
github.com/mattn/go-isatty v0.0.5/go.mod h1:Iq45c/XA43vh69/j3iqttzPXn0bhXyGjM0Hdxcsrc5s=
github.com/mattn/go-isatty v0.0.8/go.mod h1:Iq45c/XA43vh69/j3iqttzPXn0bhXyGjM0Hdxcsrc5s=
github.com/mattn/go-isatty v0.0.9/go.mod h1:YNRxwqDuOph6SZLI9vUUz6OYw3QyUt7WiY2yME+cCiQ=
github.com/mattn/go-isatty v0.0.12/go.mod h1:cbi8OIDigv2wuxKPP5vlRcQ1OAZbq2CE4Kysco4FUpU=
github.com/mattn/go-isatty v0.0.14 h1:yVuAays6BHfxijgZPzw+3Zlu5yQgKGP2/hcQbHb7S9Y=
github.com/mattn/go-isatty v0.0.14/go.mod h1:7GGIvUiUoEMVVmxf/4nioHXj79iQHKdU27kJ6hsGG94=
github.com/miekg/dns v1.1.12/go.mod h1:W1PPwlIAgtquWBMBEV9nkV9Cazfe8ScdGz/Lj7v3Nrg=
github.com/minio/blake2b-simd v0.0.0-20160723061019-3f5f724cb5b1 h1:lYpkrQH5ajf0OXOcUbGjvZxxijuBwbbmlSxLiuofa+g=
github.com/minio/blake2b-simd v0.0.0-20160723061019-3f5f724cb5b1/go.mod h1:pD8RvIylQ358TN4wwqatJ8rNavkEINozVn9DtGI3dfQ=
github.com/minio/sha256-simd v0.0.0-20190131020904-2d45a736cd16/go.mod h1:2FMWW+8GMoPweT6+pI63m9YE3Lmw4J71hV56Chs1E/U=
github.com/minio/sha256-simd v0.0.0-20190328051042-05b4dd3047e5/go.mod h1:2FMWW+8GMoPweT6+pI63m9YE3Lmw4J71hV56Chs1E/U=
github.com/minio/sha256-simd v0.1.0/go.mod h1:2FMWW+8GMoPweT6+pI63m9YE3Lmw4J71hV56Chs1E/U=
github.com/minio/sha256-simd v0.1.1-0.20190913151208-6de447530771/go.mod h1:B5e1o+1/KgNmWrSQK08Y6Z1Vb5pwIktudl0J58iy0KM=
github.com/minio/sha256-simd v0.1.1/go.mod h1:B5e1o+1/KgNmWrSQK08Y6Z1Vb5pwIktudl0J58iy0KM=
github.com/minio/sha256-simd v1.0.0 h1:v1ta+49hkWZyvaKwrQB8elexRqm6Y0aMLjCNsrYxo6g=
github.com/minio/sha256-simd v1.0.0/go.mod h1:OuYzVNI5vcoYIAmbIvHPl3N3jUzVedXbKy5RFepssQM=
github.com/mr-tron/base58 v1.1.0/go.mod h1:xcD2VGqlgYjBdcBLw+TuYLr8afG+Hj8g2eTVqeSzSU8=
github.com/mr-tron/base58 v1.1.1/go.mod h1:xcD2VGqlgYjBdcBLw+TuYLr8afG+Hj8g2eTVqeSzSU8=
github.com/mr-tron/base58 v1.1.2/go.mod h1:BinMc/sQntlIE1frQmRFPUoPA1Zkr8VRgBdjWI2mNwc=
github.com/mr-tron/base58 v1.1.3/go.mod h1:BinMc/sQntlIE1frQmRFPUoPA1Zkr8VRgBdjWI2mNwc=
github.com/mr-tron/base58 v1.2.0 h1:T/HDJBh4ZCPbU39/+c3rRvE0uKBQlU27+QI8LJ4t64o=
github.com/mr-tron/base58 v1.2.0/go.mod h1:BinMc/sQntlIE1frQmRFPUoPA1Zkr8VRgBdjWI2mNwc=
github.com/multiformats/go-base32 v0.0.3 h1:tw5+NhuwaOjJCC5Pp82QuXbrmLzWg7uxlMFp8Nq/kkI=
github.com/multiformats/go-base32 v0.0.3/go.mod h1:pLiuGC8y0QR3Ue4Zug5UzK9LjgbkL8NSQj0zQ5Nz/AA=
github.com/multiformats/go-base36 v0.1.0 h1:JR6TyF7JjGd3m6FbLU2cOxhC0Li8z8dLNGQ89tUg4F4=
github.com/multiformats/go-base36 v0.1.0/go.mod h1:kFGE83c6s80PklsHO9sRn2NCoffoRdUUOENyW/Vv6sM=
github.com/multiformats/go-multiaddr v0.0.1/go.mod h1:xKVEak1K9cS1VdmPZW3LSIb6lgmoS58qz/pzqmAxV44=
github.com/multiformats/go-multiaddr v0.0.2/go.mod h1:xKVEak1K9cS1VdmPZW3LSIb6lgmoS58qz/pzqmAxV44=
github.com/multiformats/go-multiaddr v0.0.4 h1:WgMSI84/eRLdbptXMkMWDXPjPq7SPLIgGUVm2eroyU4=
github.com/multiformats/go-multiaddr v0.0.4/go.mod h1:xKVEak1K9cS1VdmPZW3LSIb6lgmoS58qz/pzqmAxV44=
github.com/multiformats/go-multiaddr v0.2.2/go.mod h1:NtfXiOtHvghW9KojvtySjH5y0u0xW5UouOmQQrn6a3Y=
github.com/multiformats/go-multiaddr-dns v0.0.1/go.mod h1:9kWcqw/Pj6FwxAwW38n/9403szc57zJPs45fmnznu3Q=
github.com/multiformats/go-multiaddr-dns v0.0.2 h1:/Bbsgsy3R6e3jf2qBahzNHzww6usYaZ0NhNH3sqdFS8=
github.com/multiformats/go-multiaddr-dns v0.0.2/go.mod h1:9kWcqw/Pj6FwxAwW38n/9403szc57zJPs45fmnznu3Q=
github.com/multiformats/go-multiaddr-fmt v0.0.1/go.mod h1:aBYjqL4T/7j4Qx+R73XSv/8JsgnRFlf0w2KGLCmXl3Q=
github.com/multiformats/go-multiaddr-net v0.0.1 h1:76O59E3FavvHqNg7jvzWzsPSW5JSi/ek0E4eiDVbg9g=
github.com/multiformats/go-multiaddr-net v0.0.1/go.mod h1:nw6HSxNmCIQH27XPGBuX+d1tnvM7ihcFwHMSstNAVUU=
github.com/multiformats/go-multibase v0.0.1/go.mod h1:bja2MqRZ3ggyXtZSEDKpl0uO/gviWFaSteVbWT51qgs=
github.com/multiformats/go-multibase v0.0.3 h1:l/B6bJDQjvQ5G52jw4QGSYeOTZoAwIO77RblWplfIqk=
github.com/multiformats/go-multibase v0.0.3/go.mod h1:5+1R4eQrT3PkYZ24C3W2Ue2tPwIdYQD509ZjSb5y9Oc=
github.com/multiformats/go-multicodec v0.3.0 h1:tstDwfIjiHbnIjeM5Lp+pMrSeN+LCMsEwOrkPmWm03A=
github.com/multiformats/go-multicodec v0.3.0/go.mod h1:qGGaQmioCDh+TeFOnxrbU0DaIPw8yFgAZgFG0V7p1qQ=
github.com/multiformats/go-multihash v0.0.1/go.mod h1:w/5tugSrLEbWqlcgJabL3oHFKTwfvkofsjW2Qa1ct4U=
github.com/multiformats/go-multihash v0.0.5/go.mod h1:lt/HCbqlQwlPBz7lv0sQCdtfcMtlJvakRUn/0Ual8po=
github.com/multiformats/go-multihash v0.0.10/go.mod h1:YSLudS+Pi8NHE7o6tb3D8vrpKa63epEDmG8nTduyAew=
github.com/multiformats/go-multihash v0.0.13/go.mod h1:VdAWLKTwram9oKAatUcLxBNUjdtcVwxObEQBtRfuyjc=
github.com/multiformats/go-multihash v0.0.14/go.mod h1:VdAWLKTwram9oKAatUcLxBNUjdtcVwxObEQBtRfuyjc=
github.com/multiformats/go-multihash v0.0.15 h1:hWOPdrNqDjwHDx82vsYGSDZNyktOJJ2dzZJzFkOV1jM=
github.com/multiformats/go-multihash v0.0.15/go.mod h1:D6aZrWNLFTV/ynMpKsNtB40mJzmCl4jb1alC0OvHiHg=
github.com/multiformats/go-multistream v0.1.0 h1:UpO6jrsjqs46mqAK3n6wKRYFhugss9ArzbyUzU+4wkQ=
github.com/multiformats/go-multistream v0.1.0/go.mod h1:fJTiDfXJVmItycydCnNx4+wSzZ5NwG2FEVAI30fiovg=
github.com/multiformats/go-varint v0.0.5/go.mod h1:3Ls8CIEsrijN6+B7PbrXRPxHRPuXSrVKRY101jdMZYE=
github.com/multiformats/go-varint v0.0.6 h1:gk85QWKxh3TazbLxED/NlDVv8+q+ReFJk7Y2W/KhfNY=
github.com/multiformats/go-varint v0.0.6/go.mod h1:3Ls8CIEsrijN6+B7PbrXRPxHRPuXSrVKRY101jdMZYE=
github.com/onsi/ginkgo v1.6.0/go.mod h1:lLunBs/Ym6LB5Z9jYTR76FiuTmxDTDusOGeTQH+WWjE=
github.com/onsi/ginkgo v1.7.0/go.mod h1:lLunBs/Ym6LB5Z9jYTR76FiuTmxDTDusOGeTQH+WWjE=
github.com/onsi/ginkgo v1.8.0/go.mod h1:lLunBs/Ym6LB5Z9jYTR76FiuTmxDTDusOGeTQH+WWjE=
github.com/onsi/gomega v1.4.3/go.mod h1:ex+gbHU/CVuBBDIJjb2X0qEXbFg53c61hWP/1CpauHY=
github.com/onsi/gomega v1.5.0/go.mod h1:ex+gbHU/CVuBBDIJjb2X0qEXbFg53c61hWP/1CpauHY=
github.com/opentracing/opentracing-go v1.0.2/go.mod h1:UkNAQd3GIcIGf0SeVgPpRdFStlNbqXla1AfSYxPUl2o=
github.com/opentracing/opentracing-go v1.1.0 h1:pWlfV3Bxv7k65HYwkikxat0+s3pV4bsqf19k25Ur8rU=
github.com/opentracing/opentracing-go v1.1.0/go.mod h1:UkNAQd3GIcIGf0SeVgPpRdFStlNbqXla1AfSYxPUl2o=
github.com/pkg/errors v0.8.1/go.mod h1:bwawxfHBFNV+L2hUp1rHADufV3IMtnDRdf1r5NINEl0=
github.com/pmezard/go-difflib v1.0.0 h1:4DBwDE0NGyQoBHbLQYPwSUPoCMWR5BEzIk/f1lZbAQM=
github.com/pmezard/go-difflib v1.0.0/go.mod h1:iKH77koFhYxTK1pcRnkKkqfTogsbg7gZNVY4sRDYZ/4=
github.com/polydawn/refmt v0.0.0-20190221155625-df39d6c2d992/go.mod h1:uIp+gprXxxrWSjjklXD+mN4wed/tMfjMMmN/9+JsA9o=
github.com/polydawn/refmt v0.0.0-20190807091052-3d65705ee9f1/go.mod h1:uIp+gprXxxrWSjjklXD+mN4wed/tMfjMMmN/9+JsA9o=
github.com/polydawn/refmt v0.0.0-20201211092308-30ac6d18308e h1:ZOcivgkkFRnjfoTcGsDq3UQYiBmekwLA+qg0OjyB/ls=
github.com/polydawn/refmt v0.0.0-20201211092308-30ac6d18308e/go.mod h1:uIp+gprXxxrWSjjklXD+mN4wed/tMfjMMmN/9+JsA9o=
github.com/qri-io/ucan v0.0.0-20210908004355-a725af2c2ab3 h1:9cDqpxHfCH8lEppJMiugKiJwhOl6Bv2Yh0wEr/hkSLI=
github.com/qri-io/ucan v0.0.0-20210908004355-a725af2c2ab3/go.mod h1:d0PGskfPcqA5WQXWTgXN3IzcoDQwIVFq21RNcpvbOJg=
github.com/smartystreets/assertions v0.0.0-20180927180507-b2de0cb4f26d h1:zE9ykElWQ6/NYmHa3jpm/yHnI4xSofP+UP6SpjHcSeM=
github.com/smartystreets/assertions v0.0.0-20180927180507-b2de0cb4f26d/go.mod h1:OnSkiWE9lh6wB0YB77sQom3nweQdgAjqCqsofrRNTgc=
github.com/smartystreets/goconvey v0.0.0-20190222223459-a17d461953aa/go.mod h1:2RVY1rIf+2J2o/IM9+vPq9RzmHDSseB7FoXiSNIUsoU=
github.com/smartystreets/goconvey v1.6.4 h1:fv0U8FUIMPNf1L9lnHLvLhgicrIVChEkdzIKYqbNC9s=
github.com/smartystreets/goconvey v1.6.4/go.mod h1:syvi0/a8iFYH4r/RixwvyeAJjdLS9QV7WQ/tjFTllLA=
github.com/spacemonkeygo/openssl v0.0.0-20181017203307-c2dcc5cca94a h1:/eS3yfGjQKG+9kayBkj0ip1BGhq6zJ3eaVksphxAaek=
github.com/spacemonkeygo/openssl v0.0.0-20181017203307-c2dcc5cca94a/go.mod h1:7AyxJNCJ7SBZ1MfVQCWD6Uqo2oubI2Eq2y2eqf+A5r0=
github.com/spacemonkeygo/spacelog v0.0.0-20180420211403-2296661a0572 h1:RC6RW7j+1+HkWaX/Yh71Ee5ZHaHYt7ZP4sQgUrm6cDU=
github.com/spacemonkeygo/spacelog v0.0.0-20180420211403-2296661a0572/go.mod h1:w0SWMsp6j9O/dk4/ZpIhL+3CkG8ofA2vuv7k+ltqUMc=
github.com/spaolacci/murmur3 v1.1.0/go.mod h1:JwIasOWyU6f++ZhiEuf87xNszmSA2myDM2Kzu9HwQUA=
github.com/stretchr/objx v0.1.0/go.mod h1:HFkY916IF+rwdDfMAkV7OtwuqBVzrE8GR6GFx+wExME=
github.com/stretchr/testify v1.3.0/go.mod h1:M5WIy9Dh21IEIfnGCwXGc5bZfKNJtfHm1UVUgZn+9EI=
github.com/stretchr/testify v1.4.0/go.mod h1:j7eGeouHqKxXV5pUuKE4zz7dFj8WfuZ+81PSLYec5m4=
github.com/stretchr/testify v1.7.0 h1:nwc3DEeHmmLAfoZucVR881uASk0Mfjw8xYJ99tb5CcY=
github.com/stretchr/testify v1.7.0/go.mod h1:6Fq8oRcR53rry900zMqJjRRixrwX3KX962/h/Wwjteg=
github.com/syndtr/goleveldb v1.0.0/go.mod h1:ZVVdQEZoIme9iO1Ch2Jdy24qqXrMMOU6lpPAyBWyWuQ=
github.com/valyala/bytebufferpool v1.0.0 h1:GqA5TC/0021Y/b9FG4Oi9Mr3q7XYx6KllzawFIhcdPw=
github.com/valyala/bytebufferpool v1.0.0/go.mod h1:6bBcMArwyJ5K/AmCkWv1jt77kVWyCJ6HpOuEn7z0Csc=
github.com/valyala/fasttemplate v1.0.1/go.mod h1:UQGH1tvbgY+Nz5t2n7tXsz52dQxojPUpymEIMZ47gx8=
github.com/valyala/fasttemplate v1.2.1 h1:TVEnxayobAdVkhQfrfes2IzOB6o+z4roRkPF52WA1u4=
github.com/valyala/fasttemplate v1.2.1/go.mod h1:KHLXt3tVN2HBp8eijSv/kGJopbvo7S+qRAEEKiv+SiQ=
github.com/warpfork/go-testmark v0.3.0 h1:Q81c4u7hT+BR5kNfNQhEF0VT2pmL7+Kk0wD+ORYl7iA=
github.com/warpfork/go-testmark v0.3.0/go.mod h1:jhEf8FVxd+F17juRubpmut64NEG6I2rgkUhlcqqXwE0=
github.com/warpfork/go-wish v0.0.0-20180510122957-5ad1f5abf436/go.mod h1:x6AKhvSSexNrVSrViXSHUEbICjmGXhtgABaHIySUSGw=
github.com/warpfork/go-wish v0.0.0-20200122115046-b9ea61034e4a h1:G++j5e0OC488te356JvdhaM8YS6nMsjLAYF7JxCv07w=
github.com/warpfork/go-wish v0.0.0-20200122115046-b9ea61034e4a/go.mod h1:x6AKhvSSexNrVSrViXSHUEbICjmGXhtgABaHIySUSGw=
github.com/whyrusleeping/cbor-gen v0.0.0-20200123233031-1cdf64d27158/go.mod h1:Xj/M2wWU+QdTdRbu/L/1dIZY8/Wb2K9pAhtroQuxJJI=
github.com/whyrusleeping/cbor-gen v0.0.0-20211110122933-f57984553008 h1:7WtW9D9VGpmRLuQmrPy2JobUNdka95z3MKEVpELtOjo=
github.com/whyrusleeping/cbor-gen v0.0.0-20211110122933-f57984553008/go.mod h1:fgkXqYy7bV2cFeIEOkVTZS/WjXARfBqSH6Q2qHL33hQ=
github.com/whyrusleeping/go-keyspace v0.0.0-20160322163242-5b898ac5add1/go.mod h1:8UvriyWtv5Q5EOgjHaSseUEdkQfvwFv1I/In/O2M9gc=
github.com/whyrusleeping/go-logging v0.0.0-20170515211332-0457bb6b88fc h1:9lDbC6Rz4bwmou+oE6Dt4Cb2BGMur5eR/GYptkKUVHo=
github.com/whyrusleeping/go-logging v0.0.0-20170515211332-0457bb6b88fc/go.mod h1:bopw91TMyo8J3tvftk8xmU2kPmlrt4nScJQZU2hE5EM=
github.com/whyrusleeping/go-notifier v0.0.0-20170827234753-097c5d47330f h1:M/lL30eFZTKnomXY6huvM6G0+gVquFNf6mxghaWlFUg=
github.com/whyrusleeping/go-notifier v0.0.0-20170827234753-097c5d47330f/go.mod h1:cZNvX9cFybI01GriPRMXDtczuvUhgbcYr9iCGaNlRv8=
github.com/whyrusleeping/mafmt v1.2.8 h1:TCghSl5kkwEE0j+sU/gudyhVMRlpBin8fMBBHg59EbA=
github.com/whyrusleeping/mafmt v1.2.8/go.mod h1:faQJFPbLSxzD9xpA02ttW/tS9vZykNvXwGvqIpk20FA=
github.com/whyrusleeping/mdns v0.0.0-20180901202407-ef14215e6b30/go.mod h1:j4l84WPFclQPj320J9gp0XwNKBb3U0zt5CBqjPp22G4=
github.com/whyrusleeping/multiaddr-filter v0.0.0-20160516205228-e903e4adabd7/go.mod h1:X2c0RVCI1eSUFI8eLcY3c0423ykwiUdxLJtkDvruhjI=
go.opencensus.io v0.22.4/go.mod h1:yxeiOL68Rb0Xd1ddK5vPZ/oVn4vY4Ynel7k9FzqtOIw=
golang.org/x/crypto v0.0.0-20170930174604-9419663f5a44/go.mod h1:6SG95UA2DQfeDnfUPMdvaQW0Q7yPrPDi9nlGo2tz2b4=
golang.org/x/crypto v0.0.0-20190211182817-74369b46fc67/go.mod h1:6SG95UA2DQfeDnfUPMdvaQW0Q7yPrPDi9nlGo2tz2b4=
golang.org/x/crypto v0.0.0-20190225124518-7f87c0fbb88b/go.mod h1:6SG95UA2DQfeDnfUPMdvaQW0Q7yPrPDi9nlGo2tz2b4=
golang.org/x/crypto v0.0.0-20190308221718-c2843e01d9a2/go.mod h1:djNgcEr1/C05ACkg1iLfiJU5Ep61QUkGW8qpdssI0+w=
golang.org/x/crypto v0.0.0-20190426145343-a29dc8fdc734/go.mod h1:yigFU9vqHzYiE8UmvKecakEJjdnWj3jj499lnFckfCI=
golang.org/x/crypto v0.0.0-20190513172903-22d7a77e9e5f/go.mod h1:yigFU9vqHzYiE8UmvKecakEJjdnWj3jj499lnFckfCI=
golang.org/x/crypto v0.0.0-20190611184440-5c40567a22f8/go.mod h1:yigFU9vqHzYiE8UmvKecakEJjdnWj3jj499lnFckfCI=
golang.org/x/crypto v0.0.0-20210220033148-5ea612d1eb83/go.mod h1:jdWPYTVW3xRLrWPugEBEK3UY2ZEsg3UU495nc5E+M+I=
golang.org/x/crypto v0.0.0-20210322153248-0c34fe9e7dc2/go.mod h1:T9bdIzuCu7OtxOm1hfPfRQxPLYneinmdGuTeoZ9dtd4=
golang.org/x/crypto v0.0.0-20210817164053-32db794688a5 h1:HWj/xjIHfjYU5nVXpTM0s39J9CbLn7Cc5a7IC5rwsMQ=
golang.org/x/crypto v0.0.0-20210817164053-32db794688a5/go.mod h1:GvvjBRRGRdwPK5ydBHafDWAxML/pGHZbMvKqRZ5+Abc=
golang.org/x/exp v0.0.0-20190121172915-509febef88a4/go.mod h1:CJ0aWSM057203Lf6IL+f9T1iT9GByDxfZKAQTCR3kQA=
golang.org/x/lint v0.0.0-20181026193005-c67002cb31c3/go.mod h1:UVdnD1Gm6xHRNCYTkRU2/jEulfH38KcIWyp/GAMgvoE=
golang.org/x/lint v0.0.0-20190227174305-5b3e6a55c961/go.mod h1:wehouNa3lNwaWXcvxsM5YxQ5yQlVC4a0KAMCusXpPoU=
golang.org/x/lint v0.0.0-20190313153728-d0100b6bd8b3/go.mod h1:6SW0HCj/g11FgYtHlgUYUwCkIfeOF89ocIRzGO/8vkc=
golang.org/x/net v0.0.0-20180724234803-3673e40ba225/go.mod h1:mL1N/T3taQHkDXs73rZJwtUhF3w3ftmwwsq0BUmARs4=
golang.org/x/net v0.0.0-20180826012351-8a410e7b638d/go.mod h1:mL1N/T3taQHkDXs73rZJwtUhF3w3ftmwwsq0BUmARs4=
golang.org/x/net v0.0.0-20180906233101-161cd47e91fd/go.mod h1:mL1N/T3taQHkDXs73rZJwtUhF3w3ftmwwsq0BUmARs4=
golang.org/x/net v0.0.0-20181011144130-49bb7cea24b1/go.mod h1:mL1N/T3taQHkDXs73rZJwtUhF3w3ftmwwsq0BUmARs4=
golang.org/x/net v0.0.0-20190213061140-3a22650c66bd/go.mod h1:mL1N/T3taQHkDXs73rZJwtUhF3w3ftmwwsq0BUmARs4=
golang.org/x/net v0.0.0-20190227160552-c95aed5357e7/go.mod h1:mL1N/T3taQHkDXs73rZJwtUhF3w3ftmwwsq0BUmARs4=
golang.org/x/net v0.0.0-20190311183353-d8887717615a/go.mod h1:t9HGtf8HONx5eT2rtn7q6eTqICYqUVnKs3thJo3Qplg=
golang.org/x/net v0.0.0-20190404232315-eb5bcb51f2a3/go.mod h1:t9HGtf8HONx5eT2rtn7q6eTqICYqUVnKs3thJo3Qplg=
golang.org/x/net v0.0.0-20190522155817-f3200d17e092/go.mod h1:HSz+uSET+XFnRR8LxR5pz3Of3rY3CfYBVs4xY44aLks=
golang.org/x/net v0.0.0-20190620200207-3b0461eec859/go.mod h1:z5CRVTTTmAJ677TzLLGU+0bjPO0LkuOLi4/5GtJWs/s=
golang.org/x/net v0.0.0-20210226172049-e18ecbb05110/go.mod h1:m0MpNAwzfU5UDzcl9v0D8zg8gWTRqZa9RBIspLL5mdg=
golang.org/x/net v0.0.0-20210913180222-943fd674d43e h1:+b/22bPvDYt4NPDcy4xAGCmON713ONAWFeY3Z7I3tR8=
golang.org/x/net v0.0.0-20210913180222-943fd674d43e/go.mod h1:9nx3DQGgdP8bBQD5qxJ1jj9UTztislL4KSBs9R2vV5Y=
golang.org/x/oauth2 v0.0.0-20180821212333-d2e6202438be/go.mod h1:N/0e6XlmueqKjAGxoOufVs8QHGRruUQn6yWY3a++T0U=
golang.org/x/sync v0.0.0-20180314180146-1d60e4601c6f/go.mod h1:RxMgew5VJxzue5/jJTE5uejpjVlOe/izrB70Jof72aM=
golang.org/x/sync v0.0.0-20181108010431-42b317875d0f/go.mod h1:RxMgew5VJxzue5/jJTE5uejpjVlOe/izrB70Jof72aM=
golang.org/x/sync v0.0.0-20190227155943-e225da77a7e6/go.mod h1:RxMgew5VJxzue5/jJTE5uejpjVlOe/izrB70Jof72aM=
golang.org/x/sys v0.0.0-20180830151530-49385e6e1522/go.mod h1:STP8DvDyc/dI5b8T5hshtkjS+E42TnysNCUPdjciGhY=
golang.org/x/sys v0.0.0-20180909124046-d0be0721c37e/go.mod h1:STP8DvDyc/dI5b8T5hshtkjS+E42TnysNCUPdjciGhY=
golang.org/x/sys v0.0.0-20190215142949-d0b11bdaac8a/go.mod h1:STP8DvDyc/dI5b8T5hshtkjS+E42TnysNCUPdjciGhY=
golang.org/x/sys v0.0.0-20190219092855-153ac476189d/go.mod h1:STP8DvDyc/dI5b8T5hshtkjS+E42TnysNCUPdjciGhY=
golang.org/x/sys v0.0.0-20190222072716-a9d3bda3a223/go.mod h1:STP8DvDyc/dI5b8T5hshtkjS+E42TnysNCUPdjciGhY=
golang.org/x/sys v0.0.0-20190228124157-a34e9553db1e/go.mod h1:STP8DvDyc/dI5b8T5hshtkjS+E42TnysNCUPdjciGhY=
golang.org/x/sys v0.0.0-20190412213103-97732733099d/go.mod h1:h1NjWce9XRLGQEsW7wpKNCjG9DtNlClVuFLEZdDNbEs=
golang.org/x/sys v0.0.0-20190502145724-3ef323f4f1fd/go.mod h1:h1NjWce9XRLGQEsW7wpKNCjG9DtNlClVuFLEZdDNbEs=
golang.org/x/sys v0.0.0-20190524122548-abf6ff778158/go.mod h1:h1NjWce9XRLGQEsW7wpKNCjG9DtNlClVuFLEZdDNbEs=
golang.org/x/sys v0.0.0-20190626221950-04f50cda93cb/go.mod h1:h1NjWce9XRLGQEsW7wpKNCjG9DtNlClVuFLEZdDNbEs=
golang.org/x/sys v0.0.0-20190813064441-fde4db37ae7a/go.mod h1:h1NjWce9XRLGQEsW7wpKNCjG9DtNlClVuFLEZdDNbEs=
golang.org/x/sys v0.0.0-20191026070338-33540a1f6037/go.mod h1:h1NjWce9XRLGQEsW7wpKNCjG9DtNlClVuFLEZdDNbEs=
golang.org/x/sys v0.0.0-20200116001909-b77594299b42/go.mod h1:h1NjWce9XRLGQEsW7wpKNCjG9DtNlClVuFLEZdDNbEs=
golang.org/x/sys v0.0.0-20200223170610-d5e6a3e2c0ae/go.mod h1:h1NjWce9XRLGQEsW7wpKNCjG9DtNlClVuFLEZdDNbEs=
golang.org/x/sys v0.0.0-20201119102817-f84b799fce68/go.mod h1:h1NjWce9XRLGQEsW7wpKNCjG9DtNlClVuFLEZdDNbEs=
golang.org/x/sys v0.0.0-20210309074719-68d13333faf2/go.mod h1:h1NjWce9XRLGQEsW7wpKNCjG9DtNlClVuFLEZdDNbEs=
golang.org/x/sys v0.0.0-20210403161142-5e06dd20ab57/go.mod h1:h1NjWce9XRLGQEsW7wpKNCjG9DtNlClVuFLEZdDNbEs=
golang.org/x/sys v0.0.0-20210423082822-04245dca01da/go.mod h1:h1NjWce9XRLGQEsW7wpKNCjG9DtNlClVuFLEZdDNbEs=
golang.org/x/sys v0.0.0-20210615035016-665e8c7367d1/go.mod h1:oPkhp1MJrh7nUepCBck5+mAzfO9JrbApNNgaTdGDITg=
golang.org/x/sys v0.0.0-20210630005230-0f9fa26af87c/go.mod h1:oPkhp1MJrh7nUepCBck5+mAzfO9JrbApNNgaTdGDITg=
golang.org/x/sys v0.0.0-20210910150752-751e447fb3d0 h1:xrCZDmdtoloIiooiA9q0OQb9r8HejIHYoHGhGCe1pGg=
golang.org/x/sys v0.0.0-20210910150752-751e447fb3d0/go.mod h1:oPkhp1MJrh7nUepCBck5+mAzfO9JrbApNNgaTdGDITg=
golang.org/x/term v0.0.0-20201117132131-f5c789dd3221/go.mod h1:Nr5EML6q2oocZ2LXRh80K7BxOlk5/8JxuGnuhpl+muw=
golang.org/x/term v0.0.0-20201126162022-7de9c90e9dd1/go.mod h1:bj7SfCRtBDWHUb9snDiAeCFNEtKQo2Wmx5Cou7ajbmo=
golang.org/x/text v0.3.0/go.mod h1:NqM8EUOU14njkJ3fqMW+pc6Ldnwhi/IjpwHt7yyuwOQ=
golang.org/x/text v0.3.2/go.mod h1:bEr9sfX3Q8Zfm5fL9x+3itogRgK3+ptLWKqgva+5dAk=
golang.org/x/text v0.3.3/go.mod h1:5Zoc/QRtKVWzQhOtBMvqHzDpF6irO9z98xDceosuGiQ=
golang.org/x/text v0.3.6/go.mod h1:5Zoc/QRtKVWzQhOtBMvqHzDpF6irO9z98xDceosuGiQ=
golang.org/x/text v0.3.7 h1:olpwvP2KacW1ZWvsR7uQhoyTYvKAupfQrRGBFM352Gk=
golang.org/x/text v0.3.7/go.mod h1:u+2+/6zg+i71rQMx5EYifcz6MCKuco9NR6JIITiCfzQ=
golang.org/x/time v0.0.0-20201208040808-7e3f01d25324 h1:Hir2P/De0WpUhtrKGGjvSb2YxUgyZ7EFOSLIcSSpiwE=
golang.org/x/time v0.0.0-20201208040808-7e3f01d25324/go.mod h1:tRJNPiyCQ0inRvYxbN9jk5I+vvW/OXSQhTDSoE431IQ=
golang.org/x/tools v0.0.0-20180221164845-07fd8470d635/go.mod h1:n7NCudcB/nEzxVGmLbDWY5pfWTLqBcC2KZ6jyYvM4mQ=
golang.org/x/tools v0.0.0-20180917221912-90fa682c2a6e/go.mod h1:n7NCudcB/nEzxVGmLbDWY5pfWTLqBcC2KZ6jyYvM4mQ=
golang.org/x/tools v0.0.0-20181030221726-6c7e314b6563/go.mod h1:n7NCudcB/nEzxVGmLbDWY5pfWTLqBcC2KZ6jyYvM4mQ=
golang.org/x/tools v0.0.0-20190114222345-bf090417da8b/go.mod h1:n7NCudcB/nEzxVGmLbDWY5pfWTLqBcC2KZ6jyYvM4mQ=
golang.org/x/tools v0.0.0-20190226205152-f727befe758c/go.mod h1:9Yl7xja0Znq3iFh3HoIrodX9oNMXvdceNzlUR8zjMvY=
golang.org/x/tools v0.0.0-20190311212946-11955173bddd/go.mod h1:LCzVGOaR6xXOjkQ3onu1FJEFr0SW1gC7cKk1uF8kGRs=
golang.org/x/tools v0.0.0-20190328211700-ab21143f2384/go.mod h1:LCzVGOaR6xXOjkQ3onu1FJEFr0SW1gC7cKk1uF8kGRs=
golang.org/x/xerrors v0.0.0-20190717185122-a985d3407aa7/go.mod h1:I/5z698sn9Ka8TeJc9MKroUUfqBBauWjQqLJ2OPfmY0=
golang.org/x/xerrors v0.0.0-20191204190536-9bdfabe68543/go.mod h1:I/5z698sn9Ka8TeJc9MKroUUfqBBauWjQqLJ2OPfmY0=
golang.org/x/xerrors v0.0.0-20200804184101-5ec99f83aff1 h1:go1bK/D/BFZV2I8cIQd1NKEZ+0owSTG1fDTci4IqFcE=
golang.org/x/xerrors v0.0.0-20200804184101-5ec99f83aff1/go.mod h1:I/5z698sn9Ka8TeJc9MKroUUfqBBauWjQqLJ2OPfmY0=
google.golang.org/appengine v1.1.0/go.mod h1:EbEs0AVv82hx2wNQdGPgUI5lhzA/G0D9YwlJXL52JkM=
google.golang.org/appengine v1.4.0/go.mod h1:xpcJRLb0r/rnEns0DIKYYv+WjYCduHsrkT7/EB5XEv4=
google.golang.org/genproto v0.0.0-20180817151627-c66870c02cf8/go.mod h1:JiN7NxoALGmiZfu7CAH4rXhgtRTLTxftemlI0sWmxmc=
google.golang.org/genproto v0.0.0-20180831171423-11092d34479b/go.mod h1:JiN7NxoALGmiZfu7CAH4rXhgtRTLTxftemlI0sWmxmc=
google.golang.org/genproto v0.0.0-20190425155659-357c62f0e4bb/go.mod h1:VzzqZJRnGkLBvHegQrXjBqPurQTc5/KpmUdxsrq26oE=
google.golang.org/grpc v1.19.0/go.mod h1:mqu4LbDTu4XGKhr4mRzUsmM4RtVoemTSY81AxZiDr8c=
google.golang.org/grpc v1.20.1/go.mod h1:10oTOabMzJvdu6/UiuZezV6QK5dSlG84ov/aaiqXj38=
gopkg.in/check.v1 v0.0.0-20161208181325-20d25e280405/go.mod h1:Co6ibVJAznAaIkqp8huTwlJQCZ016jof/cbN4VW5Yz0=
gopkg.in/check.v1 v1.0.0-20180628173108-788fd7840127/go.mod h1:Co6ibVJAznAaIkqp8huTwlJQCZ016jof/cbN4VW5Yz0=
gopkg.in/fsnotify.v1 v1.4.7/go.mod h1:Tz8NjZHkW78fSQdbUxIjBTcgA1z1m8ZHf0WmKUhAMys=
gopkg.in/tomb.v1 v1.0.0-20141024135613-dd632973f1e7/go.mod h1:dt/ZhP58zS4L8KSrWDmTeBkI65Dw0HsyUHuEVlX15mw=
gopkg.in/yaml.v2 v2.2.1/go.mod h1:hI93XBmqTisBFMUTm0b8Fm+jr3Dg1NNxqwp+5A1VGuI=
gopkg.in/yaml.v2 v2.2.2/go.mod h1:hI93XBmqTisBFMUTm0b8Fm+jr3Dg1NNxqwp+5A1VGuI=
gopkg.in/yaml.v3 v3.0.0-20200313102051-9f266ea9e77c h1:dUUwHk2QECo/6vqA44rthZ8ie2QXMNeKRTHCNY2nXvo=
gopkg.in/yaml.v3 v3.0.0-20200313102051-9f266ea9e77c/go.mod h1:K4uyk7z7BCEPqu6E+C64Yfv1cQ7kz7rIZviUmN+EgEM=
honnef.co/go/tools v0.0.0-20190102054323-c2f93a96b099/go.mod h1:rf3lG4BRIbNafJWhAfAdb/ePZxsR/4RtNHQocxwk9r4=
